
Microsoft Visual Studio Solution File, Format Version 12.00
# Visual Studio Version 17
VisualStudioVersion = 17.13.35818.85 d17.13
MinimumVisualStudioVersion = 10.0.40219.1
Project("{9A19103F-16F7-4668-BE54-9A1E7A4F7556}") = "ColorPicker", "ColorPicker\ColorPicker.csproj", "{D97D8716-E236-47C0-9F11-F3B543821CB3}"
EndProject
Project("{FAE04EC0-301F-11D3-BF4B-00C04F79EFBC}") = "HookLib", "HookLib\HookLib.csproj", "{47500E8D-C044-44D7-B82A-3F3A7FF0A5B8}"
EndProject
Project("{FAE04EC0-301F-11D3-BF4B-00C04F79EFBC}") = "ColorPicker2", "ColorPicker2\ColorPicker2.csproj", "{AC1C34CD-7CE1-4318-AF0F-CCB41862BE95}"
EndProject
Project("{FAE04EC0-301F-11D3-BF4B-00C04F79EFBC}") = "ColorLib", "ColorLib\ColorLib.csproj", "{8F06C5EA-4782-458A-A7E3-69C27CD9CC29}"
EndProject
Global
	GlobalSection(SolutionConfigurationPlatforms) = preSolution
		Debug|Any CPU = Debug|Any CPU
		Release|Any CPU = Release|Any CPU
	EndGlobalSection
	GlobalSection(ProjectConfigurationPlatforms) = postSolution
		{D97D8716-E236-47C0-9F11-F3B543821CB3}.Debug|Any CPU.ActiveCfg = Debug|Any CPU
		{D97D8716-E236-47C0-9F11-F3B543821CB3}.Debug|Any CPU.Build.0 = Debug|Any CPU
		{D97D8716-E236-47C0-9F11-F3B543821CB3}.Release|Any CPU.ActiveCfg = Release|Any CPU
		{D97D8716-E236-47C0-9F11-F3B543821CB3}.Release|Any CPU.Build.0 = Release|Any CPU
		{47500E8D-C044-44D7-B82A-3F3A7FF0A5B8}.Debug|Any CPU.ActiveCfg = Debug|Any CPU
		{47500E8D-C044-44D7-B82A-3F3A7FF0A5B8}.Debug|Any CPU.Build.0 = Debug|Any CPU
		{47500E8D-C044-44D7-B82A-3F3A7FF0A5B8}.Release|Any CPU.ActiveCfg = Release|Any CPU
		{47500E8D-C044-44D7-B82A-3F3A7FF0A5B8}.Release|Any CPU.Build.0 = Release|Any CPU
		{AC1C34CD-7CE1-4318-AF0F-CCB41862BE95}.Debug|Any CPU.ActiveCfg = Debug|Any CPU
		{AC1C34CD-7CE1-4318-AF0F-CCB41862BE95}.Debug|Any CPU.Build.0 = Debug|Any CPU
		{AC1C34CD-7CE1-4318-AF0F-CCB41862BE95}.Release|Any CPU.ActiveCfg = Release|Any CPU
		{AC1C34CD-7CE1-4318-AF0F-CCB41862BE95}.Release|Any CPU.Build.0 = Release|Any CPU
		{8F06C5EA-4782-458A-A7E3-69C27CD9CC29}.Debug|Any CPU.ActiveCfg = Debug|Any CPU
		{8F06C5EA-4782-458A-A7E3-69C27CD9CC29}.Debug|Any CPU.Build.0 = Debug|Any CPU
		{8F06C5EA-4782-458A-A7E3-69C27CD9CC29}.Release|Any CPU.ActiveCfg = Release|Any CPU
		{8F06C5EA-4782-458A-A7E3-69C27CD9CC29}.Release|Any CPU.Build.0 = Release|Any CPU
	EndGlobalSection
	GlobalSection(SolutionProperties) = preSolution
		HideSolutionNode = FALSE
	EndGlobalSection
	GlobalSection(ExtensibilityGlobals) = postSolution
		SolutionGuid = {293E28D4-3C86-4F5F-91CE-274806AF18A2}
	EndGlobalSection
EndGlobal
