
Microsoft Visual Studio Solution File, Format Version 12.00
# Visual Studio Version 16
VisualStudioVersion = 16.0.31019.35
MinimumVisualStudioVersion = 10.0.40219.1
Project("{9A19103F-16F7-4668-BE54-9A1E7A4F7556}") = "ColorPicker", "ColorPicker\ColorPicker.csproj", "{D97D8716-E236-47C0-9F11-F3B543821CB3}"
EndProject
Project("{FAE04EC0-301F-11D3-BF4B-00C04F79EFBC}") = "ColorLib", "ColorLib\ColorLib.csproj", "{B8789A95-0969-47AE-9721-97A17892EE2B}"
EndProject
Project("{FAE04EC0-301F-11D3-BF4B-00C04F79EFBC}") = "HookLib", "HookLib\HookLib.csproj", "{47500E8D-C044-44D7-B82A-3F3A7FF0A5B8}"
EndProject
Global
	GlobalSection(SolutionConfigurationPlatforms) = preSolution
		Debug|Any CPU = Debug|Any CPU
		Release|Any CPU = Release|Any CPU
	EndGlobalSection
	GlobalSection(ProjectConfigurationPlatforms) = postSolution
		{D97D8716-E236-47C0-9F11-F3B543821CB3}.Debug|Any CPU.ActiveCfg = Debug|Any CPU
		{D97D8716-E236-47C0-9F11-F3B543821CB3}.Debug|Any CPU.Build.0 = Debug|Any CPU
		{D97D8716-E236-47C0-9F11-F3B543821CB3}.Release|Any CPU.ActiveCfg = Release|Any CPU
		{D97D8716-E236-47C0-9F11-F3B543821CB3}.Release|Any CPU.Build.0 = Release|Any CPU
		{B8789A95-0969-47AE-9721-97A17892EE2B}.Debug|Any CPU.ActiveCfg = Debug|Any CPU
		{B8789A95-0969-47AE-9721-97A17892EE2B}.Debug|Any CPU.Build.0 = Debug|Any CPU
		{B8789A95-0969-47AE-9721-97A17892EE2B}.Release|Any CPU.ActiveCfg = Release|Any CPU
		{B8789A95-0969-47AE-9721-97A17892EE2B}.Release|Any CPU.Build.0 = Release|Any CPU
		{47500E8D-C044-44D7-B82A-3F3A7FF0A5B8}.Debug|Any CPU.ActiveCfg = Debug|Any CPU
		{47500E8D-C044-44D7-B82A-3F3A7FF0A5B8}.Debug|Any CPU.Build.0 = Debug|Any CPU
		{47500E8D-C044-44D7-B82A-3F3A7FF0A5B8}.Release|Any CPU.ActiveCfg = Release|Any CPU
		{47500E8D-C044-44D7-B82A-3F3A7FF0A5B8}.Release|Any CPU.Build.0 = Release|Any CPU
	EndGlobalSection
	GlobalSection(SolutionProperties) = preSolution
		HideSolutionNode = FALSE
	EndGlobalSection
	GlobalSection(ExtensibilityGlobals) = postSolution
		SolutionGuid = {293E28D4-3C86-4F5F-91CE-274806AF18A2}
	EndGlobalSection
EndGlobal
